
Microsoft Visual Studio Solution File, Format Version 12.00
# Visual Studio Version 16
VisualStudioVersion = 16.0.31424.327
MinimumVisualStudioVersion = 10.0.40219.1
Project("{9A19103F-16F7-4668-BE54-9A1E7A4F7556}") = "RestuarantOrderAutomationUI", "RestuarantOrderAutomationUI\RestuarantOrderAutomationUI.csproj", "{4A1F80C1-7C04-43D0-B7AE-6060D5656E7E}"
EndProject
Project("{9A19103F-16F7-4668-BE54-9A1E7A4F7556}") = "BusinessLayer", "BusinessLayer\BusinessLayer.csproj", "{FDFA58E1-8D38-4E13-AD6A-DBC8F273F313}"
EndProject
Project("{9A19103F-16F7-4668-BE54-9A1E7A4F7556}") = "RestaurantData", "RestaurantData\RestaurantData.csproj", "{057F799B-38DC-4A6F-AC84-1D0080E3A508}"
EndProject
Project("{FAE04EC0-301F-11D3-BF4B-00C04F79EFBC}") = "RestaurantAutomationTests", "RestaurantAutomationTests\RestaurantAutomationTests.csproj", "{C78BDF08-79A7-4D67-B951-E8A936E79AAF}"
EndProject
Global
	GlobalSection(SolutionConfigurationPlatforms) = preSolution
		Debug|Any CPU = Debug|Any CPU
		Release|Any CPU = Release|Any CPU
	EndGlobalSection
	GlobalSection(ProjectConfigurationPlatforms) = postSolution
		{4A1F80C1-7C04-43D0-B7AE-6060D5656E7E}.Debug|Any CPU.ActiveCfg = Debug|Any CPU
		{4A1F80C1-7C04-43D0-B7AE-6060D5656E7E}.Debug|Any CPU.Build.0 = Debug|Any CPU
		{4A1F80C1-7C04-43D0-B7AE-6060D5656E7E}.Release|Any CPU.ActiveCfg = Release|Any CPU
		{4A1F80C1-7C04-43D0-B7AE-6060D5656E7E}.Release|Any CPU.Build.0 = Release|Any CPU
		{FDFA58E1-8D38-4E13-AD6A-DBC8F273F313}.Debug|Any CPU.ActiveCfg = Debug|Any CPU
		{FDFA58E1-8D38-4E13-AD6A-DBC8F273F313}.Debug|Any CPU.Build.0 = Debug|Any CPU
		{FDFA58E1-8D38-4E13-AD6A-DBC8F273F313}.Release|Any CPU.ActiveCfg = Release|Any CPU
		{FDFA58E1-8D38-4E13-AD6A-DBC8F273F313}.Release|Any CPU.Build.0 = Release|Any CPU
		{057F799B-38DC-4A6F-AC84-1D0080E3A508}.Debug|Any CPU.ActiveCfg = Debug|Any CPU
		{057F799B-38DC-4A6F-AC84-1D0080E3A508}.Debug|Any CPU.Build.0 = Debug|Any CPU
		{057F799B-38DC-4A6F-AC84-1D0080E3A508}.Release|Any CPU.ActiveCfg = Release|Any CPU
		{057F799B-38DC-4A6F-AC84-1D0080E3A508}.Release|Any CPU.Build.0 = Release|Any CPU
		{C78BDF08-79A7-4D67-B951-E8A936E79AAF}.Debug|Any CPU.ActiveCfg = Debug|Any CPU
		{C78BDF08-79A7-4D67-B951-E8A936E79AAF}.Debug|Any CPU.Build.0 = Debug|Any CPU
		{C78BDF08-79A7-4D67-B951-E8A936E79AAF}.Release|Any CPU.ActiveCfg = Release|Any CPU
		{C78BDF08-79A7-4D67-B951-E8A936E79AAF}.Release|Any CPU.Build.0 = Release|Any CPU
	EndGlobalSection
	GlobalSection(SolutionProperties) = preSolution
		HideSolutionNode = FALSE
	EndGlobalSection
	GlobalSection(ExtensibilityGlobals) = postSolution
		SolutionGuid = {7CCA1F8A-5861-493B-86EC-4C6454D27DC9}
	EndGlobalSection
EndGlobal
